
Microsoft Visual Studio Solution File, Format Version 12.00
# Visual Studio Version 16
VisualStudioVersion = 16.0.29926.136
MinimumVisualStudioVersion = 10.0.40219.1
Project("{9A19103F-16F7-4668-BE54-9A1E7A4F7556}") = "Bottlenose Grade Checker", "Bottlenose Grade Checker.csproj", "{6BDB3B56-400D-4769-BE7C-A82D3E6504D5}"
EndProject
Global
	GlobalSection(SolutionConfigurationPlatforms) = preSolution
		Debug|Any CPU = Debug|Any CPU
		Release|Any CPU = Release|Any CPU
	EndGlobalSection
	GlobalSection(ProjectConfigurationPlatforms) = postSolution
		{6BDB3B56-400D-4769-BE7C-A82D3E6504D5}.Debug|Any CPU.ActiveCfg = Debug|Any CPU
		{6BDB3B56-400D-4769-BE7C-A82D3E6504D5}.Debug|Any CPU.Build.0 = Debug|Any CPU
		{6BDB3B56-400D-4769-BE7C-A82D3E6504D5}.Release|Any CPU.ActiveCfg = Release|Any CPU
		{6BDB3B56-400D-4769-BE7C-A82D3E6504D5}.Release|Any CPU.Build.0 = Release|Any CPU
	EndGlobalSection
	GlobalSection(SolutionProperties) = preSolution
		HideSolutionNode = FALSE
	EndGlobalSection
	GlobalSection(ExtensibilityGlobals) = postSolution
		SolutionGuid = {29908EBF-643F-4599-87FE-39430E5AF947}
	EndGlobalSection
EndGlobal
